
Microsoft Visual Studio Solution File, Format Version 12.00
# Visual Studio 15
VisualStudioVersion = 15.0.26730.12
MinimumVisualStudioVersion = 10.0.40219.1
Project("{FAE04EC0-301F-11D3-BF4B-00C04F79EFBC}") = "Calc", "Calc\Calc.csproj", "{988648AF-D86C-478B-A2C9-ADB4F3F42B07}"
EndProject
Project("{FAE04EC0-301F-11D3-BF4B-00C04F79EFBC}") = "Program", "Program\Program.csproj", "{CD5575CE-DC03-4EAA-B8D5-CE50C58901B9}"
EndProject
Global
	GlobalSection(SolutionConfigurationPlatforms) = preSolution
		Debug|Any CPU = Debug|Any CPU
		Release|Any CPU = Release|Any CPU
	EndGlobalSection
	GlobalSection(ProjectConfigurationPlatforms) = postSolution
		{988648AF-D86C-478B-A2C9-ADB4F3F42B07}.Debug|Any CPU.ActiveCfg = Debug|Any CPU
		{988648AF-D86C-478B-A2C9-ADB4F3F42B07}.Debug|Any CPU.Build.0 = Debug|Any CPU
		{988648AF-D86C-478B-A2C9-ADB4F3F42B07}.Release|Any CPU.ActiveCfg = Release|Any CPU
		{988648AF-D86C-478B-A2C9-ADB4F3F42B07}.Release|Any CPU.Build.0 = Release|Any CPU
		{CD5575CE-DC03-4EAA-B8D5-CE50C58901B9}.Debug|Any CPU.ActiveCfg = Debug|Any CPU
		{CD5575CE-DC03-4EAA-B8D5-CE50C58901B9}.Debug|Any CPU.Build.0 = Debug|Any CPU
		{CD5575CE-DC03-4EAA-B8D5-CE50C58901B9}.Release|Any CPU.ActiveCfg = Release|Any CPU
		{CD5575CE-DC03-4EAA-B8D5-CE50C58901B9}.Release|Any CPU.Build.0 = Release|Any CPU
	EndGlobalSection
	GlobalSection(SolutionProperties) = preSolution
		HideSolutionNode = FALSE
	EndGlobalSection
	GlobalSection(ExtensibilityGlobals) = postSolution
		SolutionGuid = {38697162-230F-415C-B960-F8258E438492}
	EndGlobalSection
EndGlobal
